
Microsoft Visual Studio Solution File, Format Version 12.00
Project("{FAE04EC0-301F-11D3-BF4B-00C04F79EFBC}") = "BlueArchive-Assets-Converter", "BlueArchive-Assets-Converter\BlueArchive-Assets-Converter.csproj", "{822042C4-71F5-48E5-B201-2D9AB7E57CB4}"
EndProject
Global
	GlobalSection(SolutionConfigurationPlatforms) = preSolution
		Debug|Any CPU = Debug|Any CPU
		Release|Any CPU = Release|Any CPU
	EndGlobalSection
	GlobalSection(ProjectConfigurationPlatforms) = postSolution
		{822042C4-71F5-48E5-B201-2D9AB7E57CB4}.Debug|Any CPU.ActiveCfg = Debug|Any CPU
		{822042C4-71F5-48E5-B201-2D9AB7E57CB4}.Debug|Any CPU.Build.0 = Debug|Any CPU
		{822042C4-71F5-48E5-B201-2D9AB7E57CB4}.Release|Any CPU.ActiveCfg = Release|Any CPU
		{822042C4-71F5-48E5-B201-2D9AB7E57CB4}.Release|Any CPU.Build.0 = Release|Any CPU
	EndGlobalSection
EndGlobal
